
Microsoft Visual Studio Solution File, Format Version 12.00
# Visual Studio 15
VisualStudioVersion = 15.0.28307.168
MinimumVisualStudioVersion = 10.0.40219.1
Project("{FAE04EC0-301F-11D3-BF4B-00C04F79EFBC}") = "LabWithFeliks", "LabWithFeliks\LabWithFeliks.csproj", "{A6E32D50-341E-498C-9869-EC81B8CE8353}"
EndProject
Project("{FAE04EC0-301F-11D3-BF4B-00C04F79EFBC}") = "SCV.IO", "SCV.IO\SCV.IO.csproj", "{08C0A0AF-7E90-4724-9105-B7959661FA97}"
EndProject
Global
	GlobalSection(SolutionConfigurationPlatforms) = preSolution
		Debug|Any CPU = Debug|Any CPU
		Release|Any CPU = Release|Any CPU
	EndGlobalSection
	GlobalSection(ProjectConfigurationPlatforms) = postSolution
		{A6E32D50-341E-498C-9869-EC81B8CE8353}.Debug|Any CPU.ActiveCfg = Debug|Any CPU
		{A6E32D50-341E-498C-9869-EC81B8CE8353}.Debug|Any CPU.Build.0 = Debug|Any CPU
		{A6E32D50-341E-498C-9869-EC81B8CE8353}.Release|Any CPU.ActiveCfg = Release|Any CPU
		{A6E32D50-341E-498C-9869-EC81B8CE8353}.Release|Any CPU.Build.0 = Release|Any CPU
		{08C0A0AF-7E90-4724-9105-B7959661FA97}.Debug|Any CPU.ActiveCfg = Debug|Any CPU
		{08C0A0AF-7E90-4724-9105-B7959661FA97}.Debug|Any CPU.Build.0 = Debug|Any CPU
		{08C0A0AF-7E90-4724-9105-B7959661FA97}.Release|Any CPU.ActiveCfg = Release|Any CPU
		{08C0A0AF-7E90-4724-9105-B7959661FA97}.Release|Any CPU.Build.0 = Release|Any CPU
	EndGlobalSection
	GlobalSection(SolutionProperties) = preSolution
		HideSolutionNode = FALSE
	EndGlobalSection
	GlobalSection(ExtensibilityGlobals) = postSolution
		SolutionGuid = {73C9D215-E4B9-45D1-ADAF-BBAA25846C42}
	EndGlobalSection
EndGlobal
